
Microsoft Visual Studio Solution File, Format Version 12.00
# Visual Studio Version 17
VisualStudioVersion = 17.11.35222.181
MinimumVisualStudioVersion = 10.0.40219.1
Project("{FAE04EC0-301F-11D3-BF4B-00C04F79EFBC}") = "Project Foodle", "Project Foodle.csproj", "{7963AC4B-563D-4F3F-92F5-37C27D5C3D09}"
EndProject
Global
	GlobalSection(SolutionConfigurationPlatforms) = preSolution
		Debug|Any CPU = Debug|Any CPU
		Release|Any CPU = Release|Any CPU
	EndGlobalSection
	GlobalSection(ProjectConfigurationPlatforms) = postSolution
		{7963AC4B-563D-4F3F-92F5-37C27D5C3D09}.Debug|Any CPU.ActiveCfg = Debug|Any CPU
		{7963AC4B-563D-4F3F-92F5-37C27D5C3D09}.Debug|Any CPU.Build.0 = Debug|Any CPU
		{7963AC4B-563D-4F3F-92F5-37C27D5C3D09}.Release|Any CPU.ActiveCfg = Release|Any CPU
		{7963AC4B-563D-4F3F-92F5-37C27D5C3D09}.Release|Any CPU.Build.0 = Release|Any CPU
	EndGlobalSection
	GlobalSection(SolutionProperties) = preSolution
		HideSolutionNode = FALSE
	EndGlobalSection
	GlobalSection(ExtensibilityGlobals) = postSolution
		SolutionGuid = {6CEC19E0-70AF-450E-902B-1C171F388468}
	EndGlobalSection
EndGlobal
